{
  "name": "speakeasy-monorepo",
  "version": "0.1.0",
  "lockfileVersion": 3,
  "requires": true,
  "packages": {
    "": {
      "name": "speakeasy-monorepo",
      "version": "0.1.0",
      "license": "MIT",
      "workspaces": [
        "packages/core",
        "packages/server",
        "packages/cli",
        "packages/admin"
      ]
    },
    "node_modules/@speakeasy/admin": {
      "resolved": "packages/admin",
      "link": true
    },
    "node_modules/@speakeasy/cli": {
      "resolved": "packages/cli",
      "link": true
    },
    "node_modules/@speakeasy/core": {
      "resolved": "packages/core",
      "link": true
    },
    "node_modules/@speakeasy/server": {
      "resolved": "packages/server",
      "link": true
    },
    "node_modules/react": {
      "version": "19.2.7",
      "resolved": "https://registry.npmjs.org/react/-/react-19.2.7.tgz",
      "integrity": "sha512-HNe9WslTbXmFK8o8cmwgAeJFSBvt1bPdHCVKtaaV+WlAN36mpT4hcRpwbf3fY56ar2oIXzsBpOAiIRHAdY0OlQ==",
      "license": "MIT",
      "peer": true,
      "engines": {
        "node": ">=0.10.0"
      }
    },
    "node_modules/react-dom": {
      "version": "19.2.7",
      "resolved": "https://registry.npmjs.org/react-dom/-/react-dom-19.2.7.tgz",
      "integrity": "sha512-t0BRVXvbiE/o20Hfw669rLbMCDWtYZLvmJigy2f0MxsXF+71pxhR3xOkspmsO8h3ZlNzyibAmtCa3l4lYKk6gQ==",
      "license": "MIT",
      "peer": true,
      "dependencies": {
        "scheduler": "^0.27.0"
      },
      "peerDependencies": {
        "react": "^19.2.7"
      }
    },
    "node_modules/scheduler": {
      "version": "0.27.0",
      "resolved": "https://registry.npmjs.org/scheduler/-/scheduler-0.27.0.tgz",
      "integrity": "sha512-eNv+WrVbKu1f3vbYJT/xtiF5syA5HPIMtf9IgY/nKg0sWqzAUEvqY/xm7OcZc/qafLx/iO9FgOmeSAp4v5ti/Q==",
      "license": "MIT",
      "peer": true
    },
    "packages/admin": {
      "name": "@speakeasy/admin",
      "version": "0.1.0",
      "license": "MIT",
      "peerDependencies": {
        "react": ">=18",
        "react-dom": ">=18"
      }
    },
    "packages/cli": {
      "name": "@speakeasy/cli",
      "version": "0.1.0",
      "license": "MIT",
      "dependencies": {
        "@speakeasy/core": "0.1.0",
        "@speakeasy/server": "0.1.0"
      },
      "bin": {
        "speakeasy": "bin/speakeasy.js"
      }
    },
    "packages/core": {
      "name": "@speakeasy/core",
      "version": "0.1.0",
      "license": "MIT"
    },
    "packages/server": {
      "name": "@speakeasy/server",
      "version": "0.1.0",
      "license": "MIT",
      "dependencies": {
        "@speakeasy/core": "0.1.0"
      }
    }
  }
}
